
Microsoft Visual Studio Solution File, Format Version 12.00
# Visual Studio 15
VisualStudioVersion = 15.0.28010.2048
MinimumVisualStudioVersion = 10.0.40219.1
Project("{FAE04EC0-301F-11D3-BF4B-00C04F79EFBC}") = "nbp-ask-data", "nbp-ask-data\nbp-ask-data.csproj", "{A1B6D4D3-7B6D-4CDE-901C-01CB20787111}"
EndProject
Global
	GlobalSection(SolutionConfigurationPlatforms) = preSolution
		Debug|Any CPU = Debug|Any CPU
		Release|Any CPU = Release|Any CPU
	EndGlobalSection
	GlobalSection(ProjectConfigurationPlatforms) = postSolution
		{A1B6D4D3-7B6D-4CDE-901C-01CB20787111}.Debug|Any CPU.ActiveCfg = Debug|Any CPU
		{A1B6D4D3-7B6D-4CDE-901C-01CB20787111}.Debug|Any CPU.Build.0 = Debug|Any CPU
		{A1B6D4D3-7B6D-4CDE-901C-01CB20787111}.Release|Any CPU.ActiveCfg = Release|Any CPU
		{A1B6D4D3-7B6D-4CDE-901C-01CB20787111}.Release|Any CPU.Build.0 = Release|Any CPU
	EndGlobalSection
	GlobalSection(SolutionProperties) = preSolution
		HideSolutionNode = FALSE
	EndGlobalSection
	GlobalSection(ExtensibilityGlobals) = postSolution
		SolutionGuid = {D1FA29C8-8FC4-4A77-9166-DA7F84CCA574}
	EndGlobalSection
EndGlobal
